
Microsoft Visual Studio Solution File, Format Version 12.00
# Visual Studio Version 17
VisualStudioVersion = 17.7.34221.43
MinimumVisualStudioVersion = 10.0.40219.1
Project("{9A19103F-16F7-4668-BE54-9A1E7A4F7556}") = "PopulationApi", "PopulationApi.csproj", "{FF71C43E-A4F6-45A4-A383-76AF99C37B23}"
EndProject
Project("{9A19103F-16F7-4668-BE54-9A1E7A4F7556}") = "PlanetApi", "..\EarthApi\PlanetApi.csproj", "{21B73DA9-D440-4985-BA40-9CB8CF42F8C9}"
EndProject
Project("{2150E333-8FDC-42A3-9474-1A3956D46DE8}") = "Tests", "Tests", "{6B78F5E5-7E9F-4A7D-943C-4B6E8254480A}"
EndProject
Project("{9A19103F-16F7-4668-BE54-9A1E7A4F7556}") = "PopulationApi.Test", "..\PopulationApi.Test\PopulationApi.Test.csproj", "{072B1408-6F28-41E9-AD2E-D77EAAA8C243}"
EndProject
Project("{9A19103F-16F7-4668-BE54-9A1E7A4F7556}") = "PlanetApi.Test", "..\PlanetApi.Test\PlanetApi.Test.csproj", "{C36C430A-DB01-425A-AA26-60B4A889810D}"
EndProject
Project("{9A19103F-16F7-4668-BE54-9A1E7A4F7556}") = "GatewayApi", "..\GatewayApi\GatewayApi.csproj", "{C144172C-E8FD-4027-AE7F-BD9B856A337B}"
EndProject
Project("{9A19103F-16F7-4668-BE54-9A1E7A4F7556}") = "IdentityApi", "..\IdentityApi\IdentityApi.csproj", "{4F11BE68-20B8-4B27-A700-86A003E47CC4}"
EndProject
Project("{2150E333-8FDC-42A3-9474-1A3956D46DE8}") = "Shared", "Shared", "{A7DCF18F-686A-4135-830E-F28F5D7C6E4E}"
EndProject
Project("{FAE04EC0-301F-11D3-BF4B-00C04F79EFBC}") = "Models", "..\Models\Models.csproj", "{BDB202A4-DCF8-470C-8F08-12F037633954}"
EndProject
Global
	GlobalSection(SolutionConfigurationPlatforms) = preSolution
		Debug|Any CPU = Debug|Any CPU
		Release|Any CPU = Release|Any CPU
	EndGlobalSection
	GlobalSection(ProjectConfigurationPlatforms) = postSolution
		{FF71C43E-A4F6-45A4-A383-76AF99C37B23}.Debug|Any CPU.ActiveCfg = Debug|Any CPU
		{FF71C43E-A4F6-45A4-A383-76AF99C37B23}.Debug|Any CPU.Build.0 = Debug|Any CPU
		{FF71C43E-A4F6-45A4-A383-76AF99C37B23}.Release|Any CPU.ActiveCfg = Release|Any CPU
		{FF71C43E-A4F6-45A4-A383-76AF99C37B23}.Release|Any CPU.Build.0 = Release|Any CPU
		{21B73DA9-D440-4985-BA40-9CB8CF42F8C9}.Debug|Any CPU.ActiveCfg = Debug|Any CPU
		{21B73DA9-D440-4985-BA40-9CB8CF42F8C9}.Debug|Any CPU.Build.0 = Debug|Any CPU
		{21B73DA9-D440-4985-BA40-9CB8CF42F8C9}.Release|Any CPU.ActiveCfg = Release|Any CPU
		{21B73DA9-D440-4985-BA40-9CB8CF42F8C9}.Release|Any CPU.Build.0 = Release|Any CPU
		{072B1408-6F28-41E9-AD2E-D77EAAA8C243}.Debug|Any CPU.ActiveCfg = Debug|Any CPU
		{072B1408-6F28-41E9-AD2E-D77EAAA8C243}.Debug|Any CPU.Build.0 = Debug|Any CPU
		{072B1408-6F28-41E9-AD2E-D77EAAA8C243}.Release|Any CPU.ActiveCfg = Release|Any CPU
		{072B1408-6F28-41E9-AD2E-D77EAAA8C243}.Release|Any CPU.Build.0 = Release|Any CPU
		{C36C430A-DB01-425A-AA26-60B4A889810D}.Debug|Any CPU.ActiveCfg = Debug|Any CPU
		{C36C430A-DB01-425A-AA26-60B4A889810D}.Debug|Any CPU.Build.0 = Debug|Any CPU
		{C36C430A-DB01-425A-AA26-60B4A889810D}.Release|Any CPU.ActiveCfg = Release|Any CPU
		{C36C430A-DB01-425A-AA26-60B4A889810D}.Release|Any CPU.Build.0 = Release|Any CPU
		{C144172C-E8FD-4027-AE7F-BD9B856A337B}.Debug|Any CPU.ActiveCfg = Debug|Any CPU
		{C144172C-E8FD-4027-AE7F-BD9B856A337B}.Debug|Any CPU.Build.0 = Debug|Any CPU
		{C144172C-E8FD-4027-AE7F-BD9B856A337B}.Release|Any CPU.ActiveCfg = Release|Any CPU
		{C144172C-E8FD-4027-AE7F-BD9B856A337B}.Release|Any CPU.Build.0 = Release|Any CPU
		{4F11BE68-20B8-4B27-A700-86A003E47CC4}.Debug|Any CPU.ActiveCfg = Debug|Any CPU
		{4F11BE68-20B8-4B27-A700-86A003E47CC4}.Debug|Any CPU.Build.0 = Debug|Any CPU
		{4F11BE68-20B8-4B27-A700-86A003E47CC4}.Release|Any CPU.ActiveCfg = Release|Any CPU
		{4F11BE68-20B8-4B27-A700-86A003E47CC4}.Release|Any CPU.Build.0 = Release|Any CPU
		{BDB202A4-DCF8-470C-8F08-12F037633954}.Debug|Any CPU.ActiveCfg = Debug|Any CPU
		{BDB202A4-DCF8-470C-8F08-12F037633954}.Debug|Any CPU.Build.0 = Debug|Any CPU
		{BDB202A4-DCF8-470C-8F08-12F037633954}.Release|Any CPU.ActiveCfg = Release|Any CPU
		{BDB202A4-DCF8-470C-8F08-12F037633954}.Release|Any CPU.Build.0 = Release|Any CPU
	EndGlobalSection
	GlobalSection(SolutionProperties) = preSolution
		HideSolutionNode = FALSE
	EndGlobalSection
	GlobalSection(NestedProjects) = preSolution
		{072B1408-6F28-41E9-AD2E-D77EAAA8C243} = {6B78F5E5-7E9F-4A7D-943C-4B6E8254480A}
		{C36C430A-DB01-425A-AA26-60B4A889810D} = {6B78F5E5-7E9F-4A7D-943C-4B6E8254480A}
		{BDB202A4-DCF8-470C-8F08-12F037633954} = {A7DCF18F-686A-4135-830E-F28F5D7C6E4E}
	EndGlobalSection
	GlobalSection(ExtensibilityGlobals) = postSolution
		SolutionGuid = {CABE7530-17E0-4085-B39A-F9F435758C9F}
	EndGlobalSection
EndGlobal
